<?xml version="1.0" encoding="utf-8"?>
<Project ToolsVersion="4.0" xmlns="http://schemas.microsoft.com/developer/msbuild/2003">
  <ItemGroup>
    <Filter Include="源文件">
      <UniqueIdentifier>{4FC737F1-C7A5-4376-A066-2A32D752A2FF}</UniqueIdentifier>
      <Extensions>cpp;c;cc;cxx;def;odl;idl;hpj;bat;asm;asmx</Extensions>
    </Filter>
    <Filter Include="头文件">
      <UniqueIdentifier>{93995380-89BD-4b04-88EB-625FBE52EBFB}</UniqueIdentifier>
      <Extensions>h;hh;hpp;hxx;hm;inl;inc;xsd</Extensions>
    </Filter>
    <Filter Include="资源文件">
      <UniqueIdentifier>{67DA6AB6-F800-4c08-8B7A-83BB121AAD01}</UniqueIdentifier>
      <Extensions>rc;ico;cur;bmp;dlg;rc2;rct;bin;rgs;gif;jpg;jpeg;jpe;resx;tiff;tif;png;wav;mfcribbon-ms</Extensions>
    </Filter>
    <Filter Include="LibNN">
      <UniqueIdentifier>{47e7ce5b-7105-480a-a7dc-b7171cfb949a}</UniqueIdentifier>
    </Filter>
    <Filter Include="ANN">
      <UniqueIdentifier>{5118ba56-2299-48ea-90c5-6b655c953abf}</UniqueIdentifier>
    </Filter>
  </ItemGroup>
  <ItemGroup>
    <ClInclude Include="K-Means.h">
      <Filter>头文件</Filter>
    </ClInclude>
    <ClInclude Include="K-Medoids.h">
      <Filter>头文件</Filter>
    </ClInclude>
    <ClInclude Include="K-Result.h">
      <Filter>头文件</Filter>
    </ClInclude>
    <ClInclude Include="DBSCAN.h">
      <Filter>头文件</Filter>
    </ClInclude>
    <ClInclude Include="distance.h">
      <Filter>头文件</Filter>
    </ClInclude>
    <ClInclude Include="Optics.h">
      <Filter>头文件</Filter>
    </ClInclude>
    <ClInclude Include="DataPoint.h">
      <Filter>头文件</Filter>
    </ClInclude>
    <ClInclude Include="ptr_vector.h">
      <Filter>头文件</Filter>
    </ClInclude>
    <ClInclude Include="Optics2.h">
      <Filter>头文件</Filter>
    </ClInclude>
    <ClInclude Include="DataPoint2.h">
      <Filter>头文件</Filter>
    </ClInclude>
    <ClInclude Include="AnnNetwork.h">
      <Filter>LibNN</Filter>
    </ClInclude>
    <ClInclude Include="Neuro.h">
      <Filter>ANN</Filter>
    </ClInclude>
    <ClInclude Include="OpenANN\layers\Layer.h">
      <Filter>头文件</Filter>
    </ClInclude>
    <ClInclude Include="OpenANN\optimization\LBFGS.h">
      <Filter>头文件</Filter>
    </ClInclude>
    <ClInclude Include="OpenANN\KMeans.h">
      <Filter>头文件</Filter>
    </ClInclude>
    <ClInclude Include="OpenANN\Learner.h">
      <Filter>头文件</Filter>
    </ClInclude>
  </ItemGroup>
  <ItemGroup>
    <ClCompile Include="K-Means.cpp">
      <Filter>源文件</Filter>
    </ClCompile>
    <ClCompile Include="K-Medoids.cpp">
      <Filter>源文件</Filter>
    </ClCompile>
    <ClCompile Include="K-Result.cpp">
      <Filter>源文件</Filter>
    </ClCompile>
    <ClCompile Include="StringUtil.cpp">
      <Filter>源文件</Filter>
    </ClCompile>
    <ClCompile Include="DBSCAN.cpp">
      <Filter>源文件</Filter>
    </ClCompile>
    <ClCompile Include="distance.cpp">
      <Filter>源文件</Filter>
    </ClCompile>
    <ClCompile Include="Optics.cpp">
      <Filter>源文件</Filter>
    </ClCompile>
    <ClCompile Include="DataPoint.cpp">
      <Filter>源文件</Filter>
    </ClCompile>
    <ClCompile Include="DataPoint2.cpp">
      <Filter>源文件</Filter>
    </ClCompile>
    <ClCompile Include="AnnNetwork.cpp">
      <Filter>LibNN</Filter>
    </ClCompile>
    <ClCompile Include="Neuro.cpp">
      <Filter>ANN</Filter>
    </ClCompile>
    <ClCompile Include="ANNException.cpp">
      <Filter>ANN</Filter>
    </ClCompile>
  </ItemGroup>
</Project>